// !$*UTF8*$!
{
	archiveVersion = 1;
	classes = {
	};
	objectVersion = 46;
	objects = {

/* Begin PBXBuildFile section */
		EB12AECE1B85C3CF00086E97 /* AppDelegate.swift in Sources */ = {isa = PBXBuildFile; fileRef = EB12AECD1B85C3CF00086E97 /* AppDelegate.swift */; };
		EB12AED01B85C3CF00086E97 /* ViewController.swift in Sources */ = {isa = PBXBuildFile; fileRef = EB12AECF1B85C3CF00086E97 /* ViewController.swift */; };
		EB12AED31B85C3CF00086E97 /* Main.storyboard in Resources */ = {isa = PBXBuildFile; fileRef = EB12AED11B85C3CF00086E97 /* Main.storyboard */; };
		EB12AED51B85C3CF00086E97 /* Assets.xcassets in Resources */ = {isa = PBXBuildFile; fileRef = EB12AED41B85C3CF00086E97 /* Assets.xcassets */; };
		EB12AED81B85C3CF00086E97 /* LaunchScreen.storyboard in Resources */ = {isa = PBXBuildFile; fileRef = EB12AED61B85C3CF00086E97 /* LaunchScreen.storyboard */; };
		EB12AEF21B85C57D00086E97 /* AutoSnapping.framework in Frameworks */ = {isa = PBXBuildFile; fileRef = EB12AEF11B85C57D00086E97 /* AutoSnapping.framework */; };
/* End PBXBuildFile section */

/* Begin PBXFileReference section */
		EB12AECA1B85C3CF00086E97 /* Sample.app */ = {isa = PBXFileReference; explicitFileType = wrapper.application; includeInIndex = 0; path = Sample.app; sourceTree = BUILT_PRODUCTS_DIR; };
		EB12AECD1B85C3CF00086E97 /* AppDelegate.swift */ = {isa = PBXFileReference; lastKnownFileType = sourcecode.swift; path = AppDelegate.swift; sourceTree = "<group>"; };
		EB12AECF1B85C3CF00086E97 /* ViewController.swift */ = {isa = PBXFileReference; lastKnownFileType = sourcecode.swift; path = ViewController.swift; sourceTree = "<group>"; };
		EB12AED21B85C3CF00086E97 /* Base */ = {isa = PBXFileReference; lastKnownFileType = file.storyboard; name = Base; path = Base.lproj/Main.storyboard; sourceTree = "<group>"; };
		EB12AED41B85C3CF00086E97 /* Assets.xcassets */ = {isa = PBXFileReference; lastKnownFileType = folder.assetcatalog; path = Assets.xcassets; sourceTree = "<group>"; };
		EB12AED71B85C3CF00086E97 /* Base */ = {isa = PBXFileReference; lastKnownFileType = file.storyboard; name = Base; path = Base.lproj/LaunchScreen.storyboard; sourceTree = "<group>"; };
		EB12AED91B85C3CF00086E97 /* Info.plist */ = {isa = PBXFileReference; lastKnownFileType = text.plist.xml; path = Info.plist; sourceTree = "<group>"; };
		EB12AEF11B85C57D00086E97 /* AutoSnapping.framework */ = {isa = PBXFileReference; lastKnownFileType = wrapper.framework; name = AutoSnapping.framework; path = "../build/Debug-iphoneos/AutoSnapping.framework"; sourceTree = "<group>"; };
/* End PBXFileReference section */

/* Begin PBXFrameworksBuildPhase section */
		EB12AEC71B85C3CF00086E97 /* Frameworks */ = {
			isa = PBXFrameworksBuildPhase;
			buildActionMask = 2147483647;
			files = (
				EB12AEF21B85C57D00086E97 /* AutoSnapping.framework in Frameworks */,
			);
			runOnlyForDeploymentPostprocessing = 0;
		};
/* End PBXFrameworksBuildPhase section */

/* Begin PBXGroup section */
		EB12AEC11B85C3CF00086E97 = {
			isa = PBXGroup;
			children = (
				EB12AEF11B85C57D00086E97 /* AutoSnapping.framework */,
				EB12AECC1B85C3CF00086E97 /* Sample */,
				EB12AECB1B85C3CF00086E97 /* Products */,
			);
			sourceTree = "<group>";
		};
		EB12AECB1B85C3CF00086E97 /* Products */ = {
			isa = PBXGroup;
			children = (
				EB12AECA1B85C3CF00086E97 /* Sample.app */,
			);
			name = Products;
			sourceTree = "<group>";
		};
		EB12AECC1B85C3CF00086E97 /* Sample */ = {
			isa = PBXGroup;
			children = (
				EB12AECD1B85C3CF00086E97 /* AppDelegate.swift */,
				EB12AECF1B85C3CF00086E97 /* ViewController.swift */,
				EB12AED11B85C3CF00086E97 /* Main.storyboard */,
				EB12AED41B85C3CF00086E97 /* Assets.xcassets */,
				EB12AED61B85C3CF00086E97 /* LaunchScreen.storyboard */,
				EB12AED91B85C3CF00086E97 /* Info.plist */,
			);
			path = Sample;
			sourceTree = "<group>";
		};
/* End PBXGroup section */

/* Begin PBXNativeTarget section */
		EB12AEC91B85C3CF00086E97 /* Sample */ = {
			isa = PBXNativeTarget;
			buildConfigurationList = EB12AEDC1B85C3CF00086E97 /* Build configuration list for PBXNativeTarget "Sample" */;
			buildPhases = (
				EB12AEC61B85C3CF00086E97 /* Sources */,
				EB12AEC71B85C3CF00086E97 /* Frameworks */,
				EB12AEC81B85C3CF00086E97 /* Resources */,
			);
			buildRules = (
			);
			dependencies = (
			);
			name = Sample;
			productName = Sample;
			productReference = EB12AECA1B85C3CF00086E97 /* Sample.app */;
			productType = "com.apple.product-type.application";
		};
/* End PBXNativeTarget section */

/* Begin PBXProject section */
		EB12AEC21B85C3CF00086E97 /* Project object */ = {
			isa = PBXProject;
			attributes = {
				LastUpgradeCheck = 0700;
				ORGANIZATIONNAME = tarunon;
				TargetAttributes = {
					EB12AEC91B85C3CF00086E97 = {
						CreatedOnToolsVersion = 7.0;
					};
				};
			};
			buildConfigurationList = EB12AEC51B85C3CF00086E97 /* Build configuration list for PBXProject "Sample" */;
			compatibilityVersion = "Xcode 3.2";
			developmentRegion = English;
			hasScannedForEncodings = 0;
			knownRegions = (
				en,
				Base,
			);
			mainGroup = EB12AEC11B85C3CF00086E97;
			productRefGroup = EB12AECB1B85C3CF00086E97 /* Products */;
			projectDirPath = "";
			projectRoot = "";
			targets = (
				EB12AEC91B85C3CF00086E97 /* Sample */,
			);
		};
/* End PBXProject section */

/* Begin PBXResourcesBuildPhase section */
		EB12AEC81B85C3CF00086E97 /* Resources */ = {
			isa = PBXResourcesBuildPhase;
			buildActionMask = 2147483647;
			files = (
				EB12AED81B85C3CF00086E97 /* LaunchScreen.storyboard in Resources */,
				EB12AED51B85C3CF00086E97 /* Assets.xcassets in Resources */,
				EB12AED31B85C3CF00086E97 /* Main.storyboard in Resources */,
			);
			runOnlyForDeploymentPostprocessing = 0;
		};
/* End PBXResourcesBuildPhase section */

/* Begin PBXSourcesBuildPhase section */
		EB12AEC61B85C3CF00086E97 /* Sources */ = {
			isa = PBXSourcesBuildPhase;
			buildActionMask = 2147483647;
			files = (
				EB12AED01B85C3CF00086E97 /* ViewController.swift in Sources */,
				EB12AECE1B85C3CF00086E97 /* AppDelegate.swift in Sources */,
			);
			runOnlyForDeploymentPostprocessing = 0;
		};
/* End PBXSourcesBuildPhase section */

/* Begin PBXVariantGroup section */
		EB12AED11B85C3CF00086E97 /* Main.storyboard */ = {
			isa = PBXVariantGroup;
			children = (
				EB12AED21B85C3CF00086E97 /* Base */,
			);
			name = Main.storyboard;
			sourceTree = "<group>";
		};
		EB12AED61B85C3CF00086E97 /* LaunchScreen.storyboard */ = {
			isa = PBXVariantGroup;
			children = (
				EB12AED71B85C3CF00086E97 /* Base */,
			);
			name = LaunchScreen.storyboard;
			sourceTree = "<group>";
		};
/* End PBXVariantGroup section */

/* Begin XCBuildConfiguration section */
		EB12AEDA1B85C3CF00086E97 /* Debug */ = {
			isa = XCBuildConfiguration;
			buildSettings = {
				ALWAYS_SEARCH_USER_PATHS = NO;
				CLANG_CXX_LANGUAGE_STANDARD = "gnu++0x";
				CLANG_CXX_LIBRARY = "libc++";
				CLANG_ENABLE_MODULES = YES;
				CLANG_ENABLE_OBJC_ARC = YES;
				CLANG_WARN_BOOL_CONVERSION = YES;
				CLANG_WARN_CONSTANT_CONVERSION = YES;
				CLANG_WARN_DIRECT_OBJC_ISA_USAGE = YES_ERROR;
				CLANG_WARN_EMPTY_BODY = YES;
				CLANG_WARN_ENUM_CONVERSION = YES;
				CLANG_WARN_INT_CONVERSION = YES;
				CLANG_WARN_OBJC_ROOT_CLASS = YES_ERROR;
				CLANG_WARN_UNREACHABLE_CODE = YES;
				CLANG_WARN__DUPLICATE_METHOD_MATCH = YES;
				"CODE_SIGN_IDENTITY[sdk=iphoneos*]" = "iPhone Developer";
				COPY_PHASE_STRIP = NO;
				DEBUG_INFORMATION_FORMAT = dwarf;
				ENABLE_STRICT_OBJC_MSGSEND = YES;
				ENABLE_TESTABILITY = YES;
				GCC_C_LANGUAGE_STANDARD = gnu99;
				GCC_DYNAMIC_NO_PIC = NO;
				GCC_NO_COMMON_BLOCKS = YES;
				GCC_OPTIMIZATION_LEVEL = 0;
				GCC_PREPROCESSOR_DEFINITIONS = (
					"DEBUG=1",
					"$(inherited)",
				);
				GCC_WARN_64_TO_32_BIT_CONVERSION = YES;
				GCC_WARN_ABOUT_RETURN_TYPE = YES_ERROR;
				GCC_WARN_UNDECLARED_SELECTOR = YES;
				GCC_WARN_UNINITIALIZED_AUTOS = YES_AGGRESSIVE;
				GCC_WARN_UNUSED_FUNCTION = YES;
				GCC_WARN_UNUSED_VARIABLE = YES;
				IPHONEOS_DEPLOYMENT_TARGET = 9.0;
				MTL_ENABLE_DEBUG_INFO = YES;
				ONLY_ACTIVE_ARCH = YES;
				SDKROOT = iphoneos;
				SWIFT_OPTIMIZATION_LEVEL = "-Onone";
				TARGETED_DEVICE_FAMILY = "1,2";
			};
			name = Debug;
		};
		EB12AEDB1B85C3CF00086E97 /* Release */ = {
			isa = XCBuildConfiguration;
			buildSettings = {
				ALWAYS_SEARCH_USER_PATHS = NO;
				CLANG_CXX_LANGUAGE_STANDARD = "gnu++0x";
				CLANG_CXX_LIBRARY = "libc++";
				CLANG_ENABLE_MODULES = YES;
				CLANG_ENABLE_OBJC_ARC = YES;
				CLANG_WARN_BOOL_CONVERSION = YES;
				CLANG_WARN_CONSTANT_CONVERSION = YES;
				CLANG_WARN_DIRECT_OBJC_ISA_USAGE = YES_ERROR;
				CLANG_WARN_EMPTY_BODY = YES;
				CLANG_WARN_ENUM_CONVERSION = YES;
				CLANG_WARN_INT_CONVERSION = YES;
				CLANG_WARN_OBJC_ROOT_CLASS = YES_ERROR;
				CLANG_WARN_UNREACHABLE_CODE = YES;
				CLANG_WARN__DUPLICATE_METHOD_MATCH = YES;
				"CODE_SIGN_IDENTITY[sdk=iphoneos*]" = "iPhone Developer";
				COPY_PHASE_STRIP = NO;
				DEBUG_INFORMATION_FORMAT = "dwarf-with-dsym";
				ENABLE_NS_ASSERTIONS = NO;
				ENABLE_STRICT_OBJC_MSGSEND = YES;
				GCC_C_LANGUAGE_STANDARD = gnu99;
				GCC_NO_COMMON_BLOCKS = YES;
				GCC_WARN_64_TO_32_BIT_CONVERSION = YES;
				GCC_WARN_ABOUT_RETURN_TYPE = YES_ERROR;
				GCC_WARN_UNDECLARED_SELECTOR = YES;
				GCC_WARN_UNINITIALIZED_AUTOS = YES_AGGRESSIVE;
				GCC_WARN_UNUSED_FUNCTION = YES;
				GCC_WARN_UNUSED_VARIABLE = YES;
				IPHONEOS_DEPLOYMENT_TARGET = 9.0;
				MTL_ENABLE_DEBUG_INFO = NO;
				SDKROOT = iphoneos;
				TARGETED_DEVICE_FAMILY = "1,2";
				VALIDATE_PRODUCT = YES;
			};
			name = Release;
		};
		EB12AEDD1B85C3CF00086E97 /* Debug */ = {
			isa = XCBuildConfiguration;
			buildSettings = {
				ASSETCATALOG_COMPILER_APPICON_NAME = AppIcon;
				INFOPLIST_FILE = Sample/Info.plist;
				LD_RUNPATH_SEARCH_PATHS = "$(inherited) @executable_path/Frameworks";
				PRODUCT_BUNDLE_IDENTIFIER = com.tarunon.Sample;
				PRODUCT_NAME = "$(TARGET_NAME)";
			};
			name = Debug;
		};
		EB12AEDE1B85C3CF00086E97 /* Release */ = {
			isa = XCBuildConfiguration;
			buildSettings = {
				ASSETCATALOG_COMPILER_APPICON_NAME = AppIcon;
				INFOPLIST_FILE = Sample/Info.plist;
				LD_RUNPATH_SEARCH_PATHS = "$(inherited) @executable_path/Frameworks";
				PRODUCT_BUNDLE_IDENTIFIER = com.tarunon.Sample;
				PRODUCT_NAME = "$(TARGET_NAME)";
			};
			name = Release;
		};
/* End XCBuildConfiguration section */

/* Begin XCConfigurationList section */
		EB12AEC51B85C3CF00086E97 /* Build configuration list for PBXProject "Sample" */ = {
			isa = XCConfigurationList;
			buildConfigurations = (
				EB12AEDA1B85C3CF00086E97 /* Debug */,
				EB12AEDB1B85C3CF00086E97 /* Release */,
			);
			defaultConfigurationIsVisible = 0;
			defaultConfigurationName = Release;
		};
		EB12AEDC1B85C3CF00086E97 /* Build configuration list for PBXNativeTarget "Sample" */ = {
			isa = XCConfigurationList;
			buildConfigurations = (
				EB12AEDD1B85C3CF00086E97 /* Debug */,
				EB12AEDE1B85C3CF00086E97 /* Release */,
			);
			defaultConfigurationIsVisible = 0;
			defaultConfigurationName = Release;
		};
/* End XCConfigurationList section */
	};
	rootObject = EB12AEC21B85C3CF00086E97 /* Project object */;
}
